// !$*UTF8*$!
{
	archiveVersion = 1;
	classes = {
	};
	objectVersion = 46;
	objects = {

/* Begin PBXBuildFile section */
		B551F3981472F31D00FE6200 /* Cocoa.framework in Frameworks */ = {isa = PBXBuildFile; fileRef = B551F3971472F31D00FE6200 /* Cocoa.framework */; };
		B551F3A21472F31D00FE6200 /* InfoPlist.strings in Resources */ = {isa = PBXBuildFile; fileRef = B551F3A01472F31D00FE6200 /* InfoPlist.strings */; };
		B551F3A41472F31D00FE6200 /* main.m in Sources */ = {isa = PBXBuildFile; fileRef = B551F3A31472F31D00FE6200 /* main.m */; };
		B551F3A81472F31D00FE6200 /* Credits.rtf in Resources */ = {isa = PBXBuildFile; fileRef = B551F3A61472F31D00FE6200 /* Credits.rtf */; };
		B551F3AB1472F31D00FE6200 /* AppDelegate.m in Sources */ = {isa = PBXBuildFile; fileRef = B551F3AA1472F31D00FE6200 /* AppDelegate.m */; };
		B551F3AE1472F31E00FE6200 /* MainMenu.xib in Resources */ = {isa = PBXBuildFile; fileRef = B551F3AC1472F31E00FE6200 /* MainMenu.xib */; };
/* End PBXBuildFile section */

/* Begin PBXFileReference section */
		B551F3931472F31D00FE6200 /* Full Screen Overlay.app */ = {isa = PBXFileReference; explicitFileType = wrapper.application; includeInIndex = 0; path = "Full Screen Overlay.app"; sourceTree = BUILT_PRODUCTS_DIR; };
		B551F3971472F31D00FE6200 /* Cocoa.framework */ = {isa = PBXFileReference; lastKnownFileType = wrapper.framework; name = Cocoa.framework; path = System/Library/Frameworks/Cocoa.framework; sourceTree = SDKROOT; };
		B551F39A1472F31D00FE6200 /* AppKit.framework */ = {isa = PBXFileReference; lastKnownFileType = wrapper.framework; name = AppKit.framework; path = System/Library/Frameworks/AppKit.framework; sourceTree = SDKROOT; };
		B551F39B1472F31D00FE6200 /* CoreData.framework */ = {isa = PBXFileReference; lastKnownFileType = wrapper.framework; name = CoreData.framework; path = System/Library/Frameworks/CoreData.framework; sourceTree = SDKROOT; };
		B551F39C1472F31D00FE6200 /* Foundation.framework */ = {isa = PBXFileReference; lastKnownFileType = wrapper.framework; name = Foundation.framework; path = System/Library/Frameworks/Foundation.framework; sourceTree = SDKROOT; };
		B551F39F1472F31D00FE6200 /* Full Screen Overlay-Info.plist */ = {isa = PBXFileReference; path = "Full Screen Overlay-Info.plist"; sourceTree = "<group>"; };
		B551F3A11472F31D00FE6200 /* en */ = {isa = PBXFileReference; lastKnownFileType = text.plist.strings; name = en; path = en.lproj/InfoPlist.strings; sourceTree = "<group>"; };
		B551F3A31472F31D00FE6200 /* main.m */ = {isa = PBXFileReference; lastKnownFileType = sourcecode.c.objc; path = main.m; sourceTree = "<group>"; };
		B551F3A51472F31D00FE6200 /* Full Screen Overlay-Prefix.pch */ = {isa = PBXFileReference; path = "Full Screen Overlay-Prefix.pch"; sourceTree = "<group>"; };
		B551F3A71472F31D00FE6200 /* en */ = {isa = PBXFileReference; lastKnownFileType = text.rtf; name = en; path = en.lproj/Credits.rtf; sourceTree = "<group>"; };
		B551F3A91472F31D00FE6200 /* AppDelegate.h */ = {isa = PBXFileReference; path = AppDelegate.h; sourceTree = "<group>"; };
		B551F3AA1472F31D00FE6200 /* AppDelegate.m */ = {isa = PBXFileReference; lastKnownFileType = sourcecode.c.objc; path = AppDelegate.m; sourceTree = "<group>"; };
		B551F3AD1472F31E00FE6200 /* en */ = {isa = PBXFileReference; lastKnownFileType = file.xib; name = en; path = en.lproj/MainMenu.xib; sourceTree = "<group>"; };
/* End PBXFileReference section */

/* Begin PBXFrameworksBuildPhase section */
		B551F3901472F31D00FE6200 /* Frameworks */ = {
			isa = PBXFrameworksBuildPhase;
			buildActionMask = 2147483647;
			files = (
				B551F3981472F31D00FE6200 /* Cocoa.framework in Frameworks */,
			);
			runOnlyForDeploymentPostprocessing = 0;
		};
/* End PBXFrameworksBuildPhase section */

/* Begin PBXGroup section */
		B551F3881472F31D00FE6200 = {
			isa = PBXGroup;
			children = (
				B551F39D1472F31D00FE6200 /* Full Screen Overlay */,
				B551F3961472F31D00FE6200 /* Frameworks */,
				B551F3941472F31D00FE6200 /* Products */,
			);
			sourceTree = "<group>";
		};
		B551F3941472F31D00FE6200 /* Products */ = {
			isa = PBXGroup;
			children = (
				B551F3931472F31D00FE6200 /* Full Screen Overlay.app */,
			);
			name = Products;
			sourceTree = "<group>";
		};
		B551F3961472F31D00FE6200 /* Frameworks */ = {
			isa = PBXGroup;
			children = (
				B551F3971472F31D00FE6200 /* Cocoa.framework */,
				B551F3991472F31D00FE6200 /* Other Frameworks */,
			);
			name = Frameworks;
			sourceTree = "<group>";
		};
		B551F3991472F31D00FE6200 /* Other Frameworks */ = {
			isa = PBXGroup;
			children = (
				B551F39A1472F31D00FE6200 /* AppKit.framework */,
				B551F39B1472F31D00FE6200 /* CoreData.framework */,
				B551F39C1472F31D00FE6200 /* Foundation.framework */,
			);
			name = "Other Frameworks";
			sourceTree = "<group>";
		};
		B551F39D1472F31D00FE6200 /* Full Screen Overlay */ = {
			isa = PBXGroup;
			children = (
				B551F3A91472F31D00FE6200 /* AppDelegate.h */,
				B551F3AA1472F31D00FE6200 /* AppDelegate.m */,
				B551F3AC1472F31E00FE6200 /* MainMenu.xib */,
				B551F39E1472F31D00FE6200 /* Supporting Files */,
			);
			path = "Full Screen Overlay";
			sourceTree = "<group>";
		};
		B551F39E1472F31D00FE6200 /* Supporting Files */ = {
			isa = PBXGroup;
			children = (
				B551F39F1472F31D00FE6200 /* Full Screen Overlay-Info.plist */,
				B551F3A01472F31D00FE6200 /* InfoPlist.strings */,
				B551F3A31472F31D00FE6200 /* main.m */,
				B551F3A51472F31D00FE6200 /* Full Screen Overlay-Prefix.pch */,
				B551F3A61472F31D00FE6200 /* Credits.rtf */,
			);
			name = "Supporting Files";
			sourceTree = "<group>";
		};
/* End PBXGroup section */

/* Begin PBXNativeTarget section */
		B551F3921472F31D00FE6200 /* Full Screen Overlay */ = {
			isa = PBXNativeTarget;
			buildConfigurationList = B551F3B11472F31E00FE6200 /* Build configuration list for PBXNativeTarget "Full Screen Overlay" */;
			buildPhases = (
				B551F38F1472F31D00FE6200 /* Sources */,
				B551F3901472F31D00FE6200 /* Frameworks */,
				B551F3911472F31D00FE6200 /* Resources */,
			);
			buildRules = (
			);
			dependencies = (
			);
			name = "Full Screen Overlay";
			productName = "Full Screen Overlay";
			productReference = B551F3931472F31D00FE6200 /* Full Screen Overlay.app */;
			productType = "com.apple.product-type.application";
		};
/* End PBXNativeTarget section */

/* Begin PBXProject section */
		B551F38A1472F31D00FE6200 /* Project object */ = {
			isa = PBXProject;
			attributes = {
				LastUpgradeCheck = 0420;
			};
			buildConfigurationList = B551F38D1472F31D00FE6200 /* Build configuration list for PBXProject "Full Screen Overlay" */;
			compatibilityVersion = "Xcode 3.2";
			developmentRegion = English;
			hasScannedForEncodings = 0;
			knownRegions = (
				en,
			);
			mainGroup = B551F3881472F31D00FE6200;
			productRefGroup = B551F3941472F31D00FE6200 /* Products */;
			projectDirPath = "";
			projectRoot = "";
			targets = (
				B551F3921472F31D00FE6200 /* Full Screen Overlay */,
			);
		};
/* End PBXProject section */

/* Begin PBXResourcesBuildPhase section */
		B551F3911472F31D00FE6200 /* Resources */ = {
			isa = PBXResourcesBuildPhase;
			buildActionMask = 2147483647;
			files = (
				B551F3A21472F31D00FE6200 /* InfoPlist.strings in Resources */,
				B551F3A81472F31D00FE6200 /* Credits.rtf in Resources */,
				B551F3AE1472F31E00FE6200 /* MainMenu.xib in Resources */,
			);
			runOnlyForDeploymentPostprocessing = 0;
		};
/* End PBXResourcesBuildPhase section */

/* Begin PBXSourcesBuildPhase section */
		B551F38F1472F31D00FE6200 /* Sources */ = {
			isa = PBXSourcesBuildPhase;
			buildActionMask = 2147483647;
			files = (
				B551F3A41472F31D00FE6200 /* main.m in Sources */,
				B551F3AB1472F31D00FE6200 /* AppDelegate.m in Sources */,
			);
			runOnlyForDeploymentPostprocessing = 0;
		};
/* End PBXSourcesBuildPhase section */

/* Begin PBXVariantGroup section */
		B551F3A01472F31D00FE6200 /* InfoPlist.strings */ = {
			isa = PBXVariantGroup;
			children = (
				B551F3A11472F31D00FE6200 /* en */,
			);
			name = InfoPlist.strings;
			sourceTree = "<group>";
		};
		B551F3A61472F31D00FE6200 /* Credits.rtf */ = {
			isa = PBXVariantGroup;
			children = (
				B551F3A71472F31D00FE6200 /* en */,
			);
			name = Credits.rtf;
			sourceTree = "<group>";
		};
		B551F3AC1472F31E00FE6200 /* MainMenu.xib */ = {
			isa = PBXVariantGroup;
			children = (
				B551F3AD1472F31E00FE6200 /* en */,
			);
			name = MainMenu.xib;
			sourceTree = "<group>";
		};
/* End PBXVariantGroup section */

/* Begin XCBuildConfiguration section */
		B551F3AF1472F31E00FE6200 /* Debug */ = {
			isa = XCBuildConfiguration;
			buildSettings = {
				ALWAYS_SEARCH_USER_PATHS = NO;
				ARCHS = "$(ARCHS_STANDARD_64_BIT)";
				COPY_PHASE_STRIP = NO;
				GCC_C_LANGUAGE_STANDARD = gnu99;
				GCC_DYNAMIC_NO_PIC = NO;
				GCC_ENABLE_OBJC_EXCEPTIONS = YES;
				GCC_OPTIMIZATION_LEVEL = 0;
				GCC_PREPROCESSOR_DEFINITIONS = (
					"DEBUG=1",
					"$(inherited)",
				);
				GCC_SYMBOLS_PRIVATE_EXTERN = NO;
				GCC_VERSION = com.apple.compilers.llvm.clang.1_0;
				GCC_WARN_64_TO_32_BIT_CONVERSION = YES;
				GCC_WARN_ABOUT_MISSING_PROTOTYPES = YES;
				GCC_WARN_ABOUT_RETURN_TYPE = YES;
				GCC_WARN_UNUSED_VARIABLE = YES;
				MACOSX_DEPLOYMENT_TARGET = 10.7;
				ONLY_ACTIVE_ARCH = YES;
				SDKROOT = macosx;
			};
			name = Debug;
		};
		B551F3B01472F31E00FE6200 /* Release */ = {
			isa = XCBuildConfiguration;
			buildSettings = {
				ALWAYS_SEARCH_USER_PATHS = NO;
				ARCHS = "$(ARCHS_STANDARD_64_BIT)";
				COPY_PHASE_STRIP = YES;
				DEBUG_INFORMATION_FORMAT = "dwarf-with-dsym";
				GCC_C_LANGUAGE_STANDARD = gnu99;
				GCC_ENABLE_OBJC_EXCEPTIONS = YES;
				GCC_VERSION = com.apple.compilers.llvm.clang.1_0;
				GCC_WARN_64_TO_32_BIT_CONVERSION = YES;
				GCC_WARN_ABOUT_MISSING_PROTOTYPES = YES;
				GCC_WARN_ABOUT_RETURN_TYPE = YES;
				GCC_WARN_UNUSED_VARIABLE = YES;
				MACOSX_DEPLOYMENT_TARGET = 10.7;
				SDKROOT = macosx;
			};
			name = Release;
		};
		B551F3B21472F31E00FE6200 /* Debug */ = {
			isa = XCBuildConfiguration;
			buildSettings = {
				GCC_PRECOMPILE_PREFIX_HEADER = YES;
				GCC_PREFIX_HEADER = "Full Screen Overlay/Full Screen Overlay-Prefix.pch";
				INFOPLIST_FILE = "Full Screen Overlay/Full Screen Overlay-Info.plist";
				PRODUCT_NAME = "$(TARGET_NAME)";
				WRAPPER_EXTENSION = app;
			};
			name = Debug;
		};
		B551F3B31472F31E00FE6200 /* Release */ = {
			isa = XCBuildConfiguration;
			buildSettings = {
				GCC_PRECOMPILE_PREFIX_HEADER = YES;
				GCC_PREFIX_HEADER = "Full Screen Overlay/Full Screen Overlay-Prefix.pch";
				INFOPLIST_FILE = "Full Screen Overlay/Full Screen Overlay-Info.plist";
				PRODUCT_NAME = "$(TARGET_NAME)";
				WRAPPER_EXTENSION = app;
			};
			name = Release;
		};
/* End XCBuildConfiguration section */

/* Begin XCConfigurationList section */
		B551F38D1472F31D00FE6200 /* Build configuration list for PBXProject "Full Screen Overlay" */ = {
			isa = XCConfigurationList;
			buildConfigurations = (
				B551F3AF1472F31E00FE6200 /* Debug */,
				B551F3B01472F31E00FE6200 /* Release */,
			);
			defaultConfigurationIsVisible = 0;
			defaultConfigurationName = Release;
		};
		B551F3B11472F31E00FE6200 /* Build configuration list for PBXNativeTarget "Full Screen Overlay" */ = {
			isa = XCConfigurationList;
			buildConfigurations = (
				B551F3B21472F31E00FE6200 /* Debug */,
				B551F3B31472F31E00FE6200 /* Release */,
			);
			defaultConfigurationIsVisible = 0;
		};
/* End XCConfigurationList section */
	};
	rootObject = B551F38A1472F31D00FE6200 /* Project object */;
}
